
Microsoft Visual Studio Solution File, Format Version 12.00
# Visual Studio Version 17
VisualStudioVersion = 17.2.32505.173
MinimumVisualStudioVersion = 10.0.40219.1
Project("{FAE04EC0-301F-11D3-BF4B-00C04F79EFBC}") = "AligentThomasBaynes", "AligentThomasBaynes\AligentThomasBaynes.csproj", "{87C3C3D7-6DDB-44A3-A444-805C41154097}"
EndProject
Project("{FAE04EC0-301F-11D3-BF4B-00C04F79EFBC}") = "DateUnitTestProj", "DateUnitTestProj\DateUnitTestProj.csproj", "{5F250047-34E3-420D-A132-3C5DB7426FB8}"
EndProject
Global
	GlobalSection(SolutionConfigurationPlatforms) = preSolution
		Debug|Any CPU = Debug|Any CPU
		Release|Any CPU = Release|Any CPU
	EndGlobalSection
	GlobalSection(ProjectConfigurationPlatforms) = postSolution
		{87C3C3D7-6DDB-44A3-A444-805C41154097}.Debug|Any CPU.ActiveCfg = Debug|Any CPU
		{87C3C3D7-6DDB-44A3-A444-805C41154097}.Debug|Any CPU.Build.0 = Debug|Any CPU
		{87C3C3D7-6DDB-44A3-A444-805C41154097}.Release|Any CPU.ActiveCfg = Release|Any CPU
		{87C3C3D7-6DDB-44A3-A444-805C41154097}.Release|Any CPU.Build.0 = Release|Any CPU
		{5F250047-34E3-420D-A132-3C5DB7426FB8}.Debug|Any CPU.ActiveCfg = Debug|Any CPU
		{5F250047-34E3-420D-A132-3C5DB7426FB8}.Debug|Any CPU.Build.0 = Debug|Any CPU
		{5F250047-34E3-420D-A132-3C5DB7426FB8}.Release|Any CPU.ActiveCfg = Release|Any CPU
		{5F250047-34E3-420D-A132-3C5DB7426FB8}.Release|Any CPU.Build.0 = Release|Any CPU
	EndGlobalSection
	GlobalSection(SolutionProperties) = preSolution
		HideSolutionNode = FALSE
	EndGlobalSection
	GlobalSection(ExtensibilityGlobals) = postSolution
		SolutionGuid = {D6E06706-4191-4731-9812-DA823375F3FD}
	EndGlobalSection
EndGlobal
